
Microsoft Visual Studio Solution File, Format Version 12.00
# Visual Studio Version 16
VisualStudioVersion = 16.0.28803.452
MinimumVisualStudioVersion = 10.0.40219.1
Project("{FAE04EC0-301F-11D3-BF4B-00C04F79EFBC}") = "ListBox", "ListBox\ListBox.csproj", "{647FD0E2-541D-4645-8EA1-DE8C374CEFA1}"
EndProject
Global
	GlobalSection(SolutionConfigurationPlatforms) = preSolution
		Debug|Any CPU = Debug|Any CPU
		Release|Any CPU = Release|Any CPU
	EndGlobalSection
	GlobalSection(ProjectConfigurationPlatforms) = postSolution
		{647FD0E2-541D-4645-8EA1-DE8C374CEFA1}.Debug|Any CPU.ActiveCfg = Debug|Any CPU
		{647FD0E2-541D-4645-8EA1-DE8C374CEFA1}.Debug|Any CPU.Build.0 = Debug|Any CPU
		{647FD0E2-541D-4645-8EA1-DE8C374CEFA1}.Release|Any CPU.ActiveCfg = Release|Any CPU
		{647FD0E2-541D-4645-8EA1-DE8C374CEFA1}.Release|Any CPU.Build.0 = Release|Any CPU
	EndGlobalSection
	GlobalSection(SolutionProperties) = preSolution
		HideSolutionNode = FALSE
	EndGlobalSection
	GlobalSection(ExtensibilityGlobals) = postSolution
		SolutionGuid = {77A72347-DC15-4028-BFE9-F5DCF2479355}
	EndGlobalSection
EndGlobal
